
Microsoft Visual Studio Solution File, Format Version 12.00
# Visual Studio 15
VisualStudioVersion = 15.0.26430.14
MinimumVisualStudioVersion = 10.0.40219.1
Project("{FAE04EC0-301F-11D3-BF4B-00C04F79EFBC}") = "01.Cards", "01.Cards\01.Cards.csproj", "{42F65410-45A0-41CB-B47C-1547169EF26C}"
EndProject
Project("{FAE04EC0-301F-11D3-BF4B-00C04F79EFBC}") = "02.WordEncounter", "02.WordEncounter\02.WordEncounter.csproj", "{568A3714-DA50-4C07-99BA-15536D81DEED}"
EndProject
Project("{FAE04EC0-301F-11D3-BF4B-00C04F79EFBC}") = "03.BoomingCannon", "03.BoomingCannon\03.BoomingCannon.csproj", "{4297A59E-D630-4DDC-8E22-8C72AAC46672}"
EndProject
Project("{FAE04EC0-301F-11D3-BF4B-00C04F79EFBC}") = "04.GroceryShop", "04.GroceryShop\04.GroceryShop.csproj", "{565C0B46-012A-461B-8A9F-2B3C4FC647C7}"
EndProject
Project("{FAE04EC0-301F-11D3-BF4B-00C04F79EFBC}") = "05.SoftUniMessages", "05.SoftUniMessages\05.SoftUniMessages.csproj", "{11C8CB69-7A93-4755-94FE-48B953EC2F94}"
EndProject
Project("{FAE04EC0-301F-11D3-BF4B-00C04F79EFBC}") = "06.FishStatistics", "06.FishStatistics\06.FishStatistics.csproj", "{70C19CD0-4658-4042-9089-3B1ADE68D381}"
EndProject
Project("{FAE04EC0-301F-11D3-BF4B-00C04F79EFBC}") = "07.HappinessIndex", "07.HappinessIndex\07.HappinessIndex.csproj", "{ADC6FE33-E737-478B-95C7-746A7A4EEECF}"
EndProject
Project("{FAE04EC0-301F-11D3-BF4B-00C04F79EFBC}") = "08.Commits", "08.Commits\08.Commits.csproj", "{6025C7C8-81D3-4764-BB4B-AD2FF2D56C61}"
EndProject
Global
	GlobalSection(SolutionConfigurationPlatforms) = preSolution
		Debug|Any CPU = Debug|Any CPU
		Release|Any CPU = Release|Any CPU
	EndGlobalSection
	GlobalSection(ProjectConfigurationPlatforms) = postSolution
		{42F65410-45A0-41CB-B47C-1547169EF26C}.Debug|Any CPU.ActiveCfg = Debug|Any CPU
		{42F65410-45A0-41CB-B47C-1547169EF26C}.Debug|Any CPU.Build.0 = Debug|Any CPU
		{42F65410-45A0-41CB-B47C-1547169EF26C}.Release|Any CPU.ActiveCfg = Release|Any CPU
		{42F65410-45A0-41CB-B47C-1547169EF26C}.Release|Any CPU.Build.0 = Release|Any CPU
		{568A3714-DA50-4C07-99BA-15536D81DEED}.Debug|Any CPU.ActiveCfg = Debug|Any CPU
		{568A3714-DA50-4C07-99BA-15536D81DEED}.Debug|Any CPU.Build.0 = Debug|Any CPU
		{568A3714-DA50-4C07-99BA-15536D81DEED}.Release|Any CPU.ActiveCfg = Release|Any CPU
		{568A3714-DA50-4C07-99BA-15536D81DEED}.Release|Any CPU.Build.0 = Release|Any CPU
		{4297A59E-D630-4DDC-8E22-8C72AAC46672}.Debug|Any CPU.ActiveCfg = Debug|Any CPU
		{4297A59E-D630-4DDC-8E22-8C72AAC46672}.Debug|Any CPU.Build.0 = Debug|Any CPU
		{4297A59E-D630-4DDC-8E22-8C72AAC46672}.Release|Any CPU.ActiveCfg = Release|Any CPU
		{4297A59E-D630-4DDC-8E22-8C72AAC46672}.Release|Any CPU.Build.0 = Release|Any CPU
		{565C0B46-012A-461B-8A9F-2B3C4FC647C7}.Debug|Any CPU.ActiveCfg = Debug|Any CPU
		{565C0B46-012A-461B-8A9F-2B3C4FC647C7}.Debug|Any CPU.Build.0 = Debug|Any CPU
		{565C0B46-012A-461B-8A9F-2B3C4FC647C7}.Release|Any CPU.ActiveCfg = Release|Any CPU
		{565C0B46-012A-461B-8A9F-2B3C4FC647C7}.Release|Any CPU.Build.0 = Release|Any CPU
		{11C8CB69-7A93-4755-94FE-48B953EC2F94}.Debug|Any CPU.ActiveCfg = Debug|Any CPU
		{11C8CB69-7A93-4755-94FE-48B953EC2F94}.Debug|Any CPU.Build.0 = Debug|Any CPU
		{11C8CB69-7A93-4755-94FE-48B953EC2F94}.Release|Any CPU.ActiveCfg = Release|Any CPU
		{11C8CB69-7A93-4755-94FE-48B953EC2F94}.Release|Any CPU.Build.0 = Release|Any CPU
		{70C19CD0-4658-4042-9089-3B1ADE68D381}.Debug|Any CPU.ActiveCfg = Debug|Any CPU
		{70C19CD0-4658-4042-9089-3B1ADE68D381}.Debug|Any CPU.Build.0 = Debug|Any CPU
		{70C19CD0-4658-4042-9089-3B1ADE68D381}.Release|Any CPU.ActiveCfg = Release|Any CPU
		{70C19CD0-4658-4042-9089-3B1ADE68D381}.Release|Any CPU.Build.0 = Release|Any CPU
		{ADC6FE33-E737-478B-95C7-746A7A4EEECF}.Debug|Any CPU.ActiveCfg = Debug|Any CPU
		{ADC6FE33-E737-478B-95C7-746A7A4EEECF}.Debug|Any CPU.Build.0 = Debug|Any CPU
		{ADC6FE33-E737-478B-95C7-746A7A4EEECF}.Release|Any CPU.ActiveCfg = Release|Any CPU
		{ADC6FE33-E737-478B-95C7-746A7A4EEECF}.Release|Any CPU.Build.0 = Release|Any CPU
		{6025C7C8-81D3-4764-BB4B-AD2FF2D56C61}.Debug|Any CPU.ActiveCfg = Debug|Any CPU
		{6025C7C8-81D3-4764-BB4B-AD2FF2D56C61}.Debug|Any CPU.Build.0 = Debug|Any CPU
		{6025C7C8-81D3-4764-BB4B-AD2FF2D56C61}.Release|Any CPU.ActiveCfg = Release|Any CPU
		{6025C7C8-81D3-4764-BB4B-AD2FF2D56C61}.Release|Any CPU.Build.0 = Release|Any CPU
	EndGlobalSection
	GlobalSection(SolutionProperties) = preSolution
		HideSolutionNode = FALSE
	EndGlobalSection
EndGlobal
