
Microsoft Visual Studio Solution File, Format Version 12.00
# Visual Studio 15
VisualStudioVersion = 15.0.26430.14
MinimumVisualStudioVersion = 10.0.40219.1
Project("{FAE04EC0-301F-11D3-BF4B-00C04F79EFBC}") = "01.SoftUniCoffeeOrders", "01.SoftUniCoffeeOrders\01.SoftUniCoffeeOrders.csproj", "{A0E96770-6CA8-4369-89B1-BFFD2C2B2C71}"
EndProject
Project("{FAE04EC0-301F-11D3-BF4B-00C04F79EFBC}") = "02.CommandInterpereter", "02.CommandInterpereter\02.CommandInterpereter.csproj", "{8095CB28-ABA1-46C8-BF65-F06359260E1C}"
EndProject
Project("{FAE04EC0-301F-11D3-BF4B-00C04F79EFBC}") = "03.RageQuit", "03.RageQuit\03.RageQuit.csproj", "{8AC1BD12-3173-4D0F-96A1-2FB71424C81F}"
EndProject
Project("{FAE04EC0-301F-11D3-BF4B-00C04F79EFBC}") = "04.Files", "04.Files\04.Files.csproj", "{DCDD15F5-0E50-4690-ADEF-CEA2CE3E35BA}"
EndProject
Global
	GlobalSection(SolutionConfigurationPlatforms) = preSolution
		Debug|Any CPU = Debug|Any CPU
		Release|Any CPU = Release|Any CPU
	EndGlobalSection
	GlobalSection(ProjectConfigurationPlatforms) = postSolution
		{A0E96770-6CA8-4369-89B1-BFFD2C2B2C71}.Debug|Any CPU.ActiveCfg = Debug|Any CPU
		{A0E96770-6CA8-4369-89B1-BFFD2C2B2C71}.Debug|Any CPU.Build.0 = Debug|Any CPU
		{A0E96770-6CA8-4369-89B1-BFFD2C2B2C71}.Release|Any CPU.ActiveCfg = Release|Any CPU
		{A0E96770-6CA8-4369-89B1-BFFD2C2B2C71}.Release|Any CPU.Build.0 = Release|Any CPU
		{8095CB28-ABA1-46C8-BF65-F06359260E1C}.Debug|Any CPU.ActiveCfg = Debug|Any CPU
		{8095CB28-ABA1-46C8-BF65-F06359260E1C}.Debug|Any CPU.Build.0 = Debug|Any CPU
		{8095CB28-ABA1-46C8-BF65-F06359260E1C}.Release|Any CPU.ActiveCfg = Release|Any CPU
		{8095CB28-ABA1-46C8-BF65-F06359260E1C}.Release|Any CPU.Build.0 = Release|Any CPU
		{8AC1BD12-3173-4D0F-96A1-2FB71424C81F}.Debug|Any CPU.ActiveCfg = Debug|Any CPU
		{8AC1BD12-3173-4D0F-96A1-2FB71424C81F}.Debug|Any CPU.Build.0 = Debug|Any CPU
		{8AC1BD12-3173-4D0F-96A1-2FB71424C81F}.Release|Any CPU.ActiveCfg = Release|Any CPU
		{8AC1BD12-3173-4D0F-96A1-2FB71424C81F}.Release|Any CPU.Build.0 = Release|Any CPU
		{DCDD15F5-0E50-4690-ADEF-CEA2CE3E35BA}.Debug|Any CPU.ActiveCfg = Debug|Any CPU
		{DCDD15F5-0E50-4690-ADEF-CEA2CE3E35BA}.Debug|Any CPU.Build.0 = Debug|Any CPU
		{DCDD15F5-0E50-4690-ADEF-CEA2CE3E35BA}.Release|Any CPU.ActiveCfg = Release|Any CPU
		{DCDD15F5-0E50-4690-ADEF-CEA2CE3E35BA}.Release|Any CPU.Build.0 = Release|Any CPU
	EndGlobalSection
	GlobalSection(SolutionProperties) = preSolution
		HideSolutionNode = FALSE
	EndGlobalSection
EndGlobal
