
Microsoft Visual Studio Solution File, Format Version 12.00
# Visual Studio 15
VisualStudioVersion = 15.0.26430.6
MinimumVisualStudioVersion = 10.0.40219.1
Project("{FAE04EC0-301F-11D3-BF4B-00C04F79EFBC}") = "01.Greeting", "01.Greeting\01.Greeting.csproj", "{AFB70E77-8741-4C0F-A2F2-76F8802C7630}"
EndProject
Project("{FAE04EC0-301F-11D3-BF4B-00C04F79EFBC}") = "02.AddTwoNumbers", "02.AddTwoNumbers\02.AddTwoNumbers.csproj", "{43197868-97DA-4719-A39A-A1AE48ECEF71}"
EndProject
Project("{FAE04EC0-301F-11D3-BF4B-00C04F79EFBC}") = "03.EmployeeData", "03.EmployeeData\03.EmployeeData.csproj", "{6BCFD15D-33B1-47E9-9E3E-C581CDFA005E}"
EndProject
Global
	GlobalSection(SolutionConfigurationPlatforms) = preSolution
		Debug|Any CPU = Debug|Any CPU
		Release|Any CPU = Release|Any CPU
	EndGlobalSection
	GlobalSection(ProjectConfigurationPlatforms) = postSolution
		{AFB70E77-8741-4C0F-A2F2-76F8802C7630}.Debug|Any CPU.ActiveCfg = Debug|Any CPU
		{AFB70E77-8741-4C0F-A2F2-76F8802C7630}.Debug|Any CPU.Build.0 = Debug|Any CPU
		{AFB70E77-8741-4C0F-A2F2-76F8802C7630}.Release|Any CPU.ActiveCfg = Release|Any CPU
		{AFB70E77-8741-4C0F-A2F2-76F8802C7630}.Release|Any CPU.Build.0 = Release|Any CPU
		{43197868-97DA-4719-A39A-A1AE48ECEF71}.Debug|Any CPU.ActiveCfg = Debug|Any CPU
		{43197868-97DA-4719-A39A-A1AE48ECEF71}.Debug|Any CPU.Build.0 = Debug|Any CPU
		{43197868-97DA-4719-A39A-A1AE48ECEF71}.Release|Any CPU.ActiveCfg = Release|Any CPU
		{43197868-97DA-4719-A39A-A1AE48ECEF71}.Release|Any CPU.Build.0 = Release|Any CPU
		{6BCFD15D-33B1-47E9-9E3E-C581CDFA005E}.Debug|Any CPU.ActiveCfg = Debug|Any CPU
		{6BCFD15D-33B1-47E9-9E3E-C581CDFA005E}.Debug|Any CPU.Build.0 = Debug|Any CPU
		{6BCFD15D-33B1-47E9-9E3E-C581CDFA005E}.Release|Any CPU.ActiveCfg = Release|Any CPU
		{6BCFD15D-33B1-47E9-9E3E-C581CDFA005E}.Release|Any CPU.Build.0 = Release|Any CPU
	EndGlobalSection
	GlobalSection(SolutionProperties) = preSolution
		HideSolutionNode = FALSE
	EndGlobalSection
EndGlobal
