
Microsoft Visual Studio Solution File, Format Version 12.00
# Visual Studio 15
VisualStudioVersion = 15.0.26430.14
MinimumVisualStudioVersion = 10.0.40219.1
Project("{FAE04EC0-301F-11D3-BF4B-00C04F79EFBC}") = "01.FilterExtensions", "01.FilterExtensions\01.FilterExtensions.csproj", "{B5ECE883-C65E-4524-B70F-532E19E9644E}"
EndProject
Project("{FAE04EC0-301F-11D3-BF4B-00C04F79EFBC}") = "02.HTMLContents", "02.HTMLContents\02.HTMLContents.csproj", "{A20076BA-0B63-49DE-899B-CAD77DB24BF4}"
EndProject
Project("{FAE04EC0-301F-11D3-BF4B-00C04F79EFBC}") = "03.UserDatabase", "03.UserDatabase\03.UserDatabase.csproj", "{D7495644-3CA1-48BA-A923-56423756B6EF}"
EndProject
Global
	GlobalSection(SolutionConfigurationPlatforms) = preSolution
		Debug|Any CPU = Debug|Any CPU
		Release|Any CPU = Release|Any CPU
	EndGlobalSection
	GlobalSection(ProjectConfigurationPlatforms) = postSolution
		{B5ECE883-C65E-4524-B70F-532E19E9644E}.Debug|Any CPU.ActiveCfg = Debug|Any CPU
		{B5ECE883-C65E-4524-B70F-532E19E9644E}.Debug|Any CPU.Build.0 = Debug|Any CPU
		{B5ECE883-C65E-4524-B70F-532E19E9644E}.Release|Any CPU.ActiveCfg = Release|Any CPU
		{B5ECE883-C65E-4524-B70F-532E19E9644E}.Release|Any CPU.Build.0 = Release|Any CPU
		{A20076BA-0B63-49DE-899B-CAD77DB24BF4}.Debug|Any CPU.ActiveCfg = Debug|Any CPU
		{A20076BA-0B63-49DE-899B-CAD77DB24BF4}.Debug|Any CPU.Build.0 = Debug|Any CPU
		{A20076BA-0B63-49DE-899B-CAD77DB24BF4}.Release|Any CPU.ActiveCfg = Release|Any CPU
		{A20076BA-0B63-49DE-899B-CAD77DB24BF4}.Release|Any CPU.Build.0 = Release|Any CPU
		{D7495644-3CA1-48BA-A923-56423756B6EF}.Debug|Any CPU.ActiveCfg = Debug|Any CPU
		{D7495644-3CA1-48BA-A923-56423756B6EF}.Debug|Any CPU.Build.0 = Debug|Any CPU
		{D7495644-3CA1-48BA-A923-56423756B6EF}.Release|Any CPU.ActiveCfg = Release|Any CPU
		{D7495644-3CA1-48BA-A923-56423756B6EF}.Release|Any CPU.Build.0 = Release|Any CPU
	EndGlobalSection
	GlobalSection(SolutionProperties) = preSolution
		HideSolutionNode = FALSE
	EndGlobalSection
EndGlobal
